
Microsoft Visual Studio Solution File, Format Version 11.00
# Visual Studio 2010
# SharpDevelop 4.3
Project("{FAE04EC0-301F-11D3-BF4B-00C04F79EFBC}") = "LadderLogic", "LadderLogic.csproj", "{EC31E108-4964-4E61-823F-2077D48F1E15}"
EndProject
Project("{CFEE4113-1246-4D54-95CB-156813CB8593}") = "ArduinoLadder.Setup", "ArduinoLadder.Setup\ArduinoLadder.Setup.wixproj", "{0DBD6B91-8D07-4D0D-BB92-9C88BA501AEF}"
EndProject
Project("{CFEE4113-1246-4D54-95CB-156813CB8593}") = "ArduinoLadder.Bootstrapper", "ArduinoLadder.Bootstrapper\ArduinoLadder.Bootstrapper.wixproj", "{626FD23A-2D9F-40C6-94F4-D8DAAB60A3EA}"
EndProject
Project("{FAE04EC0-301F-11D3-BF4B-00C04F79EFBC}") = "ArduinoLadder.CustomAction", "ArduinoLadder.CustomAction\ArduinoLadder.CustomAction.csproj", "{E97B170A-196B-4D85-BCD3-DF378A9B8395}"
EndProject
Project("{CFEE4113-1246-4D54-95CB-156813CB8593}") = "ArduinoIDE.Setup", "ArduinoIDE.Setup\ArduinoIDE.Setup.wixproj", "{F03C2E93-8CEC-411F-B6B5-4D7EB2BA8428}"
EndProject
Global
	GlobalSection(SolutionConfigurationPlatforms) = preSolution
		Debug|x86 = Debug|x86
		Release|x86 = Release|x86
	EndGlobalSection
	GlobalSection(ProjectConfigurationPlatforms) = postSolution
		{EC31E108-4964-4E61-823F-2077D48F1E15}.Debug|x86.ActiveCfg = Debug|x86
		{EC31E108-4964-4E61-823F-2077D48F1E15}.Debug|x86.Build.0 = Debug|x86
		{EC31E108-4964-4E61-823F-2077D48F1E15}.Release|x86.ActiveCfg = Release|x86
		{EC31E108-4964-4E61-823F-2077D48F1E15}.Release|x86.Build.0 = Release|x86
		{0DBD6B91-8D07-4D0D-BB92-9C88BA501AEF}.Debug|x86.ActiveCfg = Debug|x86
		{0DBD6B91-8D07-4D0D-BB92-9C88BA501AEF}.Debug|x86.Build.0 = Debug|x86
		{0DBD6B91-8D07-4D0D-BB92-9C88BA501AEF}.Release|x86.ActiveCfg = Release|x86
		{0DBD6B91-8D07-4D0D-BB92-9C88BA501AEF}.Release|x86.Build.0 = Release|x86
		{626FD23A-2D9F-40C6-94F4-D8DAAB60A3EA}.Debug|x86.ActiveCfg = Debug|x86
		{626FD23A-2D9F-40C6-94F4-D8DAAB60A3EA}.Debug|x86.Build.0 = Debug|x86
		{626FD23A-2D9F-40C6-94F4-D8DAAB60A3EA}.Release|x86.ActiveCfg = Release|x86
		{626FD23A-2D9F-40C6-94F4-D8DAAB60A3EA}.Release|x86.Build.0 = Release|x86
		{E97B170A-196B-4D85-BCD3-DF378A9B8395}.Debug|x86.ActiveCfg = Debug|x86
		{E97B170A-196B-4D85-BCD3-DF378A9B8395}.Debug|x86.Build.0 = Debug|x86
		{E97B170A-196B-4D85-BCD3-DF378A9B8395}.Release|x86.ActiveCfg = Release|x86
		{E97B170A-196B-4D85-BCD3-DF378A9B8395}.Release|x86.Build.0 = Release|x86
		{F03C2E93-8CEC-411F-B6B5-4D7EB2BA8428}.Debug|x86.Build.0 = Debug|Any CPU
		{F03C2E93-8CEC-411F-B6B5-4D7EB2BA8428}.Debug|x86.ActiveCfg = Debug|Any CPU
		{F03C2E93-8CEC-411F-B6B5-4D7EB2BA8428}.Release|x86.Build.0 = Release|Any CPU
		{F03C2E93-8CEC-411F-B6B5-4D7EB2BA8428}.Release|x86.ActiveCfg = Release|Any CPU
	EndGlobalSection
	GlobalSection(SolutionProperties) = preSolution
		HideSolutionNode = FALSE
	EndGlobalSection
	GlobalSection(MonoDevelopProperties) = preSolution
		StartupItem = LadderLogic.csproj
	EndGlobalSection
EndGlobal
